
Microsoft Visual Studio Solution File, Format Version 12.00
# Visual Studio 15
VisualStudioVersion = 15.0.28307.779
MinimumVisualStudioVersion = 10.0.40219.1
Project("{FAE04EC0-301F-11D3-BF4B-00C04F79EFBC}") = "Dominio", "obliP3\Dominio.csproj", "{4040DE62-6BC7-4D03-A7A1-E454BCA1CC81}"
EndProject
Project("{FAE04EC0-301F-11D3-BF4B-00C04F79EFBC}") = "Repositorios", "Repositorios\Repositorios.csproj", "{AF3AE385-B921-4341-A07B-E79D0591D6F9}"
EndProject
Project("{FAE04EC0-301F-11D3-BF4B-00C04F79EFBC}") = "WcfServicio", "WcfServicio\WcfServicio.csproj", "{3F5C8529-CC23-4CAF-AA5A-4DAD83B07EC4}"
EndProject
Project("{FAE04EC0-301F-11D3-BF4B-00C04F79EFBC}") = "MVC", "MVC\MVC.csproj", "{9C1D14E3-B8A2-41ED-AC68-D5CB95CD4A2A}"
EndProject
Project("{FAE04EC0-301F-11D3-BF4B-00C04F79EFBC}") = "WebApi", "WebApi\WebApi.csproj", "{0EF53087-30A3-45B9-AC97-05D17490AF26}"
EndProject
Global
	GlobalSection(SolutionConfigurationPlatforms) = preSolution
		Debug|Any CPU = Debug|Any CPU
		Release|Any CPU = Release|Any CPU
	EndGlobalSection
	GlobalSection(ProjectConfigurationPlatforms) = postSolution
		{4040DE62-6BC7-4D03-A7A1-E454BCA1CC81}.Debug|Any CPU.ActiveCfg = Debug|Any CPU
		{4040DE62-6BC7-4D03-A7A1-E454BCA1CC81}.Debug|Any CPU.Build.0 = Debug|Any CPU
		{4040DE62-6BC7-4D03-A7A1-E454BCA1CC81}.Release|Any CPU.ActiveCfg = Release|Any CPU
		{4040DE62-6BC7-4D03-A7A1-E454BCA1CC81}.Release|Any CPU.Build.0 = Release|Any CPU
		{AF3AE385-B921-4341-A07B-E79D0591D6F9}.Debug|Any CPU.ActiveCfg = Debug|Any CPU
		{AF3AE385-B921-4341-A07B-E79D0591D6F9}.Debug|Any CPU.Build.0 = Debug|Any CPU
		{AF3AE385-B921-4341-A07B-E79D0591D6F9}.Release|Any CPU.ActiveCfg = Release|Any CPU
		{AF3AE385-B921-4341-A07B-E79D0591D6F9}.Release|Any CPU.Build.0 = Release|Any CPU
		{3F5C8529-CC23-4CAF-AA5A-4DAD83B07EC4}.Debug|Any CPU.ActiveCfg = Debug|Any CPU
		{3F5C8529-CC23-4CAF-AA5A-4DAD83B07EC4}.Debug|Any CPU.Build.0 = Debug|Any CPU
		{3F5C8529-CC23-4CAF-AA5A-4DAD83B07EC4}.Release|Any CPU.ActiveCfg = Release|Any CPU
		{3F5C8529-CC23-4CAF-AA5A-4DAD83B07EC4}.Release|Any CPU.Build.0 = Release|Any CPU
		{9C1D14E3-B8A2-41ED-AC68-D5CB95CD4A2A}.Debug|Any CPU.ActiveCfg = Debug|Any CPU
		{9C1D14E3-B8A2-41ED-AC68-D5CB95CD4A2A}.Debug|Any CPU.Build.0 = Debug|Any CPU
		{9C1D14E3-B8A2-41ED-AC68-D5CB95CD4A2A}.Release|Any CPU.ActiveCfg = Release|Any CPU
		{9C1D14E3-B8A2-41ED-AC68-D5CB95CD4A2A}.Release|Any CPU.Build.0 = Release|Any CPU
		{0EF53087-30A3-45B9-AC97-05D17490AF26}.Debug|Any CPU.ActiveCfg = Debug|Any CPU
		{0EF53087-30A3-45B9-AC97-05D17490AF26}.Debug|Any CPU.Build.0 = Debug|Any CPU
		{0EF53087-30A3-45B9-AC97-05D17490AF26}.Release|Any CPU.ActiveCfg = Release|Any CPU
		{0EF53087-30A3-45B9-AC97-05D17490AF26}.Release|Any CPU.Build.0 = Release|Any CPU
	EndGlobalSection
	GlobalSection(SolutionProperties) = preSolution
		HideSolutionNode = FALSE
	EndGlobalSection
	GlobalSection(ExtensibilityGlobals) = postSolution
		SolutionGuid = {4C6AB5AE-899D-4877-A12A-174E7F62D624}
	EndGlobalSection
EndGlobal
